
Microsoft Visual Studio Solution File, Format Version 12.00
Project("{FAE04EC0-301F-11D3-BF4B-00C04F79EFBC}") = "HelloWorldSourceGen", "HelloWorldSourceGen\HelloWorldSourceGen.csproj", "{A5882C49-BC4C-4227-A059-0DEEA4684F4D}"
EndProject
Project("{FAE04EC0-301F-11D3-BF4B-00C04F79EFBC}") = "SourceGen", "SourceGen\SourceGen.csproj", "{730E3462-E393-4852-9EE6-AEB4DE0AC287}"
EndProject
Project("{FAE04EC0-301F-11D3-BF4B-00C04F79EFBC}") = "SourceGen.Traits.Core", "SourceGen.Traits.Core\SourceGen.Traits.Core.csproj", "{8D3A0533-ADCA-4157-9D2A-D148EC901474}"
EndProject
Project("{FAE04EC0-301F-11D3-BF4B-00C04F79EFBC}") = "SourceGenTest", "SourceGenTest\SourceGenTest.csproj", "{B0DF3C8B-54F7-4A74-81D1-DED0F56B30BE}"
EndProject
Project("{FAE04EC0-301F-11D3-BF4B-00C04F79EFBC}") = "SourceGen.RecordDefaultCtor", "SourceGen.RecordDefaultCtor\SourceGen.RecordDefaultCtor.csproj", "{BA42AF74-F521-41FA-9102-714CA2405E50}"
EndProject
Global
	GlobalSection(SolutionConfigurationPlatforms) = preSolution
		Debug|Any CPU = Debug|Any CPU
		Release|Any CPU = Release|Any CPU
	EndGlobalSection
	GlobalSection(ProjectConfigurationPlatforms) = postSolution
		{A5882C49-BC4C-4227-A059-0DEEA4684F4D}.Debug|Any CPU.ActiveCfg = Debug|Any CPU
		{A5882C49-BC4C-4227-A059-0DEEA4684F4D}.Debug|Any CPU.Build.0 = Debug|Any CPU
		{A5882C49-BC4C-4227-A059-0DEEA4684F4D}.Release|Any CPU.ActiveCfg = Release|Any CPU
		{A5882C49-BC4C-4227-A059-0DEEA4684F4D}.Release|Any CPU.Build.0 = Release|Any CPU
		{730E3462-E393-4852-9EE6-AEB4DE0AC287}.Debug|Any CPU.ActiveCfg = Debug|Any CPU
		{730E3462-E393-4852-9EE6-AEB4DE0AC287}.Debug|Any CPU.Build.0 = Debug|Any CPU
		{730E3462-E393-4852-9EE6-AEB4DE0AC287}.Release|Any CPU.ActiveCfg = Release|Any CPU
		{730E3462-E393-4852-9EE6-AEB4DE0AC287}.Release|Any CPU.Build.0 = Release|Any CPU
		{8D3A0533-ADCA-4157-9D2A-D148EC901474}.Debug|Any CPU.ActiveCfg = Debug|Any CPU
		{8D3A0533-ADCA-4157-9D2A-D148EC901474}.Debug|Any CPU.Build.0 = Debug|Any CPU
		{8D3A0533-ADCA-4157-9D2A-D148EC901474}.Release|Any CPU.ActiveCfg = Release|Any CPU
		{8D3A0533-ADCA-4157-9D2A-D148EC901474}.Release|Any CPU.Build.0 = Release|Any CPU
		{B0DF3C8B-54F7-4A74-81D1-DED0F56B30BE}.Debug|Any CPU.ActiveCfg = Debug|Any CPU
		{B0DF3C8B-54F7-4A74-81D1-DED0F56B30BE}.Debug|Any CPU.Build.0 = Debug|Any CPU
		{B0DF3C8B-54F7-4A74-81D1-DED0F56B30BE}.Release|Any CPU.ActiveCfg = Release|Any CPU
		{B0DF3C8B-54F7-4A74-81D1-DED0F56B30BE}.Release|Any CPU.Build.0 = Release|Any CPU
		{BA42AF74-F521-41FA-9102-714CA2405E50}.Debug|Any CPU.ActiveCfg = Debug|Any CPU
		{BA42AF74-F521-41FA-9102-714CA2405E50}.Debug|Any CPU.Build.0 = Debug|Any CPU
		{BA42AF74-F521-41FA-9102-714CA2405E50}.Release|Any CPU.ActiveCfg = Release|Any CPU
		{BA42AF74-F521-41FA-9102-714CA2405E50}.Release|Any CPU.Build.0 = Release|Any CPU
	EndGlobalSection
EndGlobal
