
Microsoft Visual Studio Solution File, Format Version 12.00
Project("{FAE04EC0-301F-11D3-BF4B-00C04F79EFBC}") = "SOAnswers", "SOAnswers\SOAnswers.csproj", "{5A29DD87-8E2A-4CD6-A2E1-42BC213A07B0}"
EndProject
Project("{2150E333-8FDC-42A3-9474-1A3956D46DE8}") = "NET6", "NET6", "{E3CAF09E-E185-4B24-A6E3-D840BDA6A21C}"
EndProject
Project("{FAE04EC0-301F-11D3-BF4B-00C04F79EFBC}") = "EF6Test", "NET6\EF6Test\EF6Test.csproj", "{B8D71B38-6287-46E0-9241-1DCC5884EF55}"
EndProject
Project("{FAE04EC0-301F-11D3-BF4B-00C04F79EFBC}") = "ASPNET6Test", "NET6\ASPNET6Test\ASPNET6Test.csproj", "{C787D801-7B4E-43BE-9B76-0A5F248E9403}"
EndProject
Project("{FAE04EC0-301F-11D3-BF4B-00C04F79EFBC}") = "NET6LibTest", "NET6\NET6LibTest\NET6LibTest.csproj", "{8F667C86-C948-4C25-BED7-DC06721E095B}"
EndProject
Project("{FAE04EC0-301F-11D3-BF4B-00C04F79EFBC}") = "SOAnswers.Tests", "NET6\SOAnswers.Tests\SOAnswers.Tests.csproj", "{16FA3318-DDEB-462F-8E4F-D4F9F02D99C3}"
EndProject
Project("{FAE04EC0-301F-11D3-BF4B-00C04F79EFBC}") = "ASPNET7Test", "NET7\ASPNET7Test\ASPNET7Test.csproj", "{F837B851-0A69-4D24-8AF3-9A1E7959F142}"
EndProject
Project("{2150E333-8FDC-42A3-9474-1A3956D46DE8}") = "NET7", "NET7", "{A60D6314-DB82-4725-9EED-0DB64F4FC610}"
EndProject
Project("{FAE04EC0-301F-11D3-BF4B-00C04F79EFBC}") = "EF6Test.Test", "NET6\EF6Test.Test\EF6Test.Test.csproj", "{E6F818CA-478B-4910-A776-A27CE60DF8F1}"
EndProject
Project("{FAE04EC0-301F-11D3-BF4B-00C04F79EFBC}") = "ASP6MVCtest", "NET6\ASP6MVCtest\ASP6MVCtest.csproj", "{7B7ACDEE-523E-46ED-8D50-BC88F21C4372}"
EndProject
Project("{FAE04EC0-301F-11D3-BF4B-00C04F79EFBC}") = "FillTest", "FillTest\FillTest.csproj", "{6D77AC6F-209B-4D74-9886-FAD5AE7BE219}"
EndProject
Project("{FAE04EC0-301F-11D3-BF4B-00C04F79EFBC}") = "Benchmarks", "NET6\Benchmarks\Benchmarks.csproj", "{FBADED6B-C14E-4F3F-9A88-F49402CC94C6}"
EndProject
Project("{FAE04EC0-301F-11D3-BF4B-00C04F79EFBC}") = "StaticAsyncLockRepro", "NET6\StaticAsyncLockRepro\StaticAsyncLockRepro.csproj", "{48706F39-B028-48A5-8AD2-F5BEA694B381}"
EndProject
Project("{FAE04EC0-301F-11D3-BF4B-00C04F79EFBC}") = "NET7Console", "NET7\NET7Console\NET7Console.csproj", "{46A1D548-77E0-4AC2-AF94-7EF78FC62657}"
EndProject
Project("{FAE04EC0-301F-11D3-BF4B-00C04F79EFBC}") = "NET7Bench", "NET7\NET7Bench\NET7Bench.csproj", "{C27052C3-8661-4832-993C-1EF6DF0E1D16}"
EndProject
Project("{FAE04EC0-301F-11D3-BF4B-00C04F79EFBC}") = "ASPNET7MVCTest", "NET7\ASPNET7MVCTest\ASPNET7MVCTest.csproj", "{107DE3F1-A9E2-43EB-B5B7-A09B8E7C1D46}"
EndProject
Project("{FAE04EC0-301F-11D3-BF4B-00C04F79EFBC}") = "NET7Tests", "NET7\NET7Tests\NET7Tests.csproj", "{8A5A25FF-031E-42B6-9471-F00B442571D9}"
EndProject
Project("{FAE04EC0-301F-11D3-BF4B-00C04F79EFBC}") = "EF7WhatsNew", "NET7\WhatsNew\EF7WhatsNew\EF7WhatsNew.csproj", "{60311C05-A475-4674-A970-B7893C3E2C2A}"
EndProject
Project("{2150E333-8FDC-42A3-9474-1A3956D46DE8}") = "WhatsNew", "WhatsNew", "{81950532-A21C-4C8F-A700-09BD97349D8E}"
EndProject
Global
	GlobalSection(SolutionConfigurationPlatforms) = preSolution
		Debug|Any CPU = Debug|Any CPU
		Release|Any CPU = Release|Any CPU
	EndGlobalSection
	GlobalSection(ProjectConfigurationPlatforms) = postSolution
		{5A29DD87-8E2A-4CD6-A2E1-42BC213A07B0}.Debug|Any CPU.ActiveCfg = Debug|Any CPU
		{5A29DD87-8E2A-4CD6-A2E1-42BC213A07B0}.Debug|Any CPU.Build.0 = Debug|Any CPU
		{5A29DD87-8E2A-4CD6-A2E1-42BC213A07B0}.Release|Any CPU.ActiveCfg = Release|Any CPU
		{5A29DD87-8E2A-4CD6-A2E1-42BC213A07B0}.Release|Any CPU.Build.0 = Release|Any CPU
		{B8D71B38-6287-46E0-9241-1DCC5884EF55}.Debug|Any CPU.ActiveCfg = Debug|Any CPU
		{B8D71B38-6287-46E0-9241-1DCC5884EF55}.Debug|Any CPU.Build.0 = Debug|Any CPU
		{B8D71B38-6287-46E0-9241-1DCC5884EF55}.Release|Any CPU.ActiveCfg = Release|Any CPU
		{B8D71B38-6287-46E0-9241-1DCC5884EF55}.Release|Any CPU.Build.0 = Release|Any CPU
		{C787D801-7B4E-43BE-9B76-0A5F248E9403}.Debug|Any CPU.ActiveCfg = Debug|Any CPU
		{C787D801-7B4E-43BE-9B76-0A5F248E9403}.Debug|Any CPU.Build.0 = Debug|Any CPU
		{C787D801-7B4E-43BE-9B76-0A5F248E9403}.Release|Any CPU.ActiveCfg = Release|Any CPU
		{C787D801-7B4E-43BE-9B76-0A5F248E9403}.Release|Any CPU.Build.0 = Release|Any CPU
		{8F667C86-C948-4C25-BED7-DC06721E095B}.Debug|Any CPU.ActiveCfg = Debug|Any CPU
		{8F667C86-C948-4C25-BED7-DC06721E095B}.Debug|Any CPU.Build.0 = Debug|Any CPU
		{8F667C86-C948-4C25-BED7-DC06721E095B}.Release|Any CPU.ActiveCfg = Release|Any CPU
		{8F667C86-C948-4C25-BED7-DC06721E095B}.Release|Any CPU.Build.0 = Release|Any CPU
		{16FA3318-DDEB-462F-8E4F-D4F9F02D99C3}.Debug|Any CPU.ActiveCfg = Debug|Any CPU
		{16FA3318-DDEB-462F-8E4F-D4F9F02D99C3}.Debug|Any CPU.Build.0 = Debug|Any CPU
		{16FA3318-DDEB-462F-8E4F-D4F9F02D99C3}.Release|Any CPU.ActiveCfg = Release|Any CPU
		{16FA3318-DDEB-462F-8E4F-D4F9F02D99C3}.Release|Any CPU.Build.0 = Release|Any CPU
		{F837B851-0A69-4D24-8AF3-9A1E7959F142}.Debug|Any CPU.ActiveCfg = Debug|Any CPU
		{F837B851-0A69-4D24-8AF3-9A1E7959F142}.Debug|Any CPU.Build.0 = Debug|Any CPU
		{F837B851-0A69-4D24-8AF3-9A1E7959F142}.Release|Any CPU.ActiveCfg = Release|Any CPU
		{F837B851-0A69-4D24-8AF3-9A1E7959F142}.Release|Any CPU.Build.0 = Release|Any CPU
		{7B7ACDEE-523E-46ED-8D50-BC88F21C4372}.Debug|Any CPU.ActiveCfg = Debug|Any CPU
		{7B7ACDEE-523E-46ED-8D50-BC88F21C4372}.Debug|Any CPU.Build.0 = Debug|Any CPU
		{7B7ACDEE-523E-46ED-8D50-BC88F21C4372}.Release|Any CPU.ActiveCfg = Release|Any CPU
		{7B7ACDEE-523E-46ED-8D50-BC88F21C4372}.Release|Any CPU.Build.0 = Release|Any CPU
		{6D77AC6F-209B-4D74-9886-FAD5AE7BE219}.Debug|Any CPU.ActiveCfg = Debug|Any CPU
		{6D77AC6F-209B-4D74-9886-FAD5AE7BE219}.Debug|Any CPU.Build.0 = Debug|Any CPU
		{6D77AC6F-209B-4D74-9886-FAD5AE7BE219}.Release|Any CPU.ActiveCfg = Release|Any CPU
		{6D77AC6F-209B-4D74-9886-FAD5AE7BE219}.Release|Any CPU.Build.0 = Release|Any CPU
		{E6F818CA-478B-4910-A776-A27CE60DF8F1}.Debug|Any CPU.ActiveCfg = Debug|Any CPU
		{E6F818CA-478B-4910-A776-A27CE60DF8F1}.Debug|Any CPU.Build.0 = Debug|Any CPU
		{E6F818CA-478B-4910-A776-A27CE60DF8F1}.Release|Any CPU.ActiveCfg = Release|Any CPU
		{E6F818CA-478B-4910-A776-A27CE60DF8F1}.Release|Any CPU.Build.0 = Release|Any CPU
		{FBADED6B-C14E-4F3F-9A88-F49402CC94C6}.Debug|Any CPU.ActiveCfg = Debug|Any CPU
		{FBADED6B-C14E-4F3F-9A88-F49402CC94C6}.Debug|Any CPU.Build.0 = Debug|Any CPU
		{FBADED6B-C14E-4F3F-9A88-F49402CC94C6}.Release|Any CPU.ActiveCfg = Release|Any CPU
		{FBADED6B-C14E-4F3F-9A88-F49402CC94C6}.Release|Any CPU.Build.0 = Release|Any CPU
		{48706F39-B028-48A5-8AD2-F5BEA694B381}.Debug|Any CPU.ActiveCfg = Debug|Any CPU
		{48706F39-B028-48A5-8AD2-F5BEA694B381}.Debug|Any CPU.Build.0 = Debug|Any CPU
		{48706F39-B028-48A5-8AD2-F5BEA694B381}.Release|Any CPU.ActiveCfg = Release|Any CPU
		{48706F39-B028-48A5-8AD2-F5BEA694B381}.Release|Any CPU.Build.0 = Release|Any CPU
		{46A1D548-77E0-4AC2-AF94-7EF78FC62657}.Debug|Any CPU.ActiveCfg = Debug|Any CPU
		{46A1D548-77E0-4AC2-AF94-7EF78FC62657}.Debug|Any CPU.Build.0 = Debug|Any CPU
		{46A1D548-77E0-4AC2-AF94-7EF78FC62657}.Release|Any CPU.ActiveCfg = Release|Any CPU
		{46A1D548-77E0-4AC2-AF94-7EF78FC62657}.Release|Any CPU.Build.0 = Release|Any CPU
		{C27052C3-8661-4832-993C-1EF6DF0E1D16}.Debug|Any CPU.ActiveCfg = Debug|Any CPU
		{C27052C3-8661-4832-993C-1EF6DF0E1D16}.Debug|Any CPU.Build.0 = Debug|Any CPU
		{C27052C3-8661-4832-993C-1EF6DF0E1D16}.Release|Any CPU.ActiveCfg = Release|Any CPU
		{C27052C3-8661-4832-993C-1EF6DF0E1D16}.Release|Any CPU.Build.0 = Release|Any CPU
		{107DE3F1-A9E2-43EB-B5B7-A09B8E7C1D46}.Debug|Any CPU.ActiveCfg = Debug|Any CPU
		{107DE3F1-A9E2-43EB-B5B7-A09B8E7C1D46}.Debug|Any CPU.Build.0 = Debug|Any CPU
		{107DE3F1-A9E2-43EB-B5B7-A09B8E7C1D46}.Release|Any CPU.ActiveCfg = Release|Any CPU
		{107DE3F1-A9E2-43EB-B5B7-A09B8E7C1D46}.Release|Any CPU.Build.0 = Release|Any CPU
		{8A5A25FF-031E-42B6-9471-F00B442571D9}.Debug|Any CPU.ActiveCfg = Debug|Any CPU
		{8A5A25FF-031E-42B6-9471-F00B442571D9}.Debug|Any CPU.Build.0 = Debug|Any CPU
		{8A5A25FF-031E-42B6-9471-F00B442571D9}.Release|Any CPU.ActiveCfg = Release|Any CPU
		{8A5A25FF-031E-42B6-9471-F00B442571D9}.Release|Any CPU.Build.0 = Release|Any CPU
		{60311C05-A475-4674-A970-B7893C3E2C2A}.Debug|Any CPU.ActiveCfg = Debug|Any CPU
		{60311C05-A475-4674-A970-B7893C3E2C2A}.Debug|Any CPU.Build.0 = Debug|Any CPU
		{60311C05-A475-4674-A970-B7893C3E2C2A}.Release|Any CPU.ActiveCfg = Release|Any CPU
		{60311C05-A475-4674-A970-B7893C3E2C2A}.Release|Any CPU.Build.0 = Release|Any CPU
	EndGlobalSection
	GlobalSection(NestedProjects) = preSolution
		{B8D71B38-6287-46E0-9241-1DCC5884EF55} = {E3CAF09E-E185-4B24-A6E3-D840BDA6A21C}
		{C787D801-7B4E-43BE-9B76-0A5F248E9403} = {E3CAF09E-E185-4B24-A6E3-D840BDA6A21C}
		{8F667C86-C948-4C25-BED7-DC06721E095B} = {E3CAF09E-E185-4B24-A6E3-D840BDA6A21C}
		{16FA3318-DDEB-462F-8E4F-D4F9F02D99C3} = {E3CAF09E-E185-4B24-A6E3-D840BDA6A21C}
		{F837B851-0A69-4D24-8AF3-9A1E7959F142} = {A60D6314-DB82-4725-9EED-0DB64F4FC610}
		{E6F818CA-478B-4910-A776-A27CE60DF8F1} = {E3CAF09E-E185-4B24-A6E3-D840BDA6A21C}
		{7B7ACDEE-523E-46ED-8D50-BC88F21C4372} = {E3CAF09E-E185-4B24-A6E3-D840BDA6A21C}
		{FBADED6B-C14E-4F3F-9A88-F49402CC94C6} = {E3CAF09E-E185-4B24-A6E3-D840BDA6A21C}
		{48706F39-B028-48A5-8AD2-F5BEA694B381} = {E3CAF09E-E185-4B24-A6E3-D840BDA6A21C}
		{46A1D548-77E0-4AC2-AF94-7EF78FC62657} = {A60D6314-DB82-4725-9EED-0DB64F4FC610}
		{C27052C3-8661-4832-993C-1EF6DF0E1D16} = {A60D6314-DB82-4725-9EED-0DB64F4FC610}
		{107DE3F1-A9E2-43EB-B5B7-A09B8E7C1D46} = {A60D6314-DB82-4725-9EED-0DB64F4FC610}
		{8A5A25FF-031E-42B6-9471-F00B442571D9} = {A60D6314-DB82-4725-9EED-0DB64F4FC610}
		{81950532-A21C-4C8F-A700-09BD97349D8E} = {A60D6314-DB82-4725-9EED-0DB64F4FC610}
		{60311C05-A475-4674-A970-B7893C3E2C2A} = {81950532-A21C-4C8F-A700-09BD97349D8E}
	EndGlobalSection
EndGlobal
